// !$*UTF8*$!
{
	archiveVersion = 1;
	classes = {
	};
	objectVersion = 55;
	objects = {

/* Begin PBXBuildFile section */
		549E063127CDE41100D3354D /* AppDelegate.swift in Sources */ = {isa = PBXBuildFile; fileRef = 549E063027CDE41100D3354D /* AppDelegate.swift */; };
		549E063327CDE41100D3354D /* SceneDelegate.swift in Sources */ = {isa = PBXBuildFile; fileRef = 549E063227CDE41100D3354D /* SceneDelegate.swift */; };
		549E063527CDE41100D3354D /* ViewController.swift in Sources */ = {isa = PBXBuildFile; fileRef = 549E063427CDE41100D3354D /* ViewController.swift */; };
		549E063827CDE41100D3354D /* Main.storyboard in Resources */ = {isa = PBXBuildFile; fileRef = 549E063627CDE41100D3354D /* Main.storyboard */; };
		549E063A27CDE41300D3354D /* Assets.xcassets in Resources */ = {isa = PBXBuildFile; fileRef = 549E063927CDE41300D3354D /* Assets.xcassets */; };
		549E063D27CDE41300D3354D /* LaunchScreen.storyboard in Resources */ = {isa = PBXBuildFile; fileRef = 549E063B27CDE41300D3354D /* LaunchScreen.storyboard */; };
		549E064827CDE41400D3354D /* gitTestTests.swift in Sources */ = {isa = PBXBuildFile; fileRef = 549E064727CDE41400D3354D /* gitTestTests.swift */; };
		549E065227CDE41400D3354D /* gitTestUITests.swift in Sources */ = {isa = PBXBuildFile; fileRef = 549E065127CDE41400D3354D /* gitTestUITests.swift */; };
		549E065427CDE41400D3354D /* gitTestUITestsLaunchTests.swift in Sources */ = {isa = PBXBuildFile; fileRef = 549E065327CDE41400D3354D /* gitTestUITestsLaunchTests.swift */; };
/* End PBXBuildFile section */

/* Begin PBXContainerItemProxy section */
		549E064427CDE41400D3354D /* PBXContainerItemProxy */ = {
			isa = PBXContainerItemProxy;
			containerPortal = 549E062527CDE41100D3354D /* Project object */;
			proxyType = 1;
			remoteGlobalIDString = 549E062C27CDE41100D3354D;
			remoteInfo = gitTest;
		};
		549E064E27CDE41400D3354D /* PBXContainerItemProxy */ = {
			isa = PBXContainerItemProxy;
			containerPortal = 549E062527CDE41100D3354D /* Project object */;
			proxyType = 1;
			remoteGlobalIDString = 549E062C27CDE41100D3354D;
			remoteInfo = gitTest;
		};
/* End PBXContainerItemProxy section */

/* Begin PBXFileReference section */
		549E062D27CDE41100D3354D /* gitTest.app */ = {isa = PBXFileReference; explicitFileType = wrapper.application; includeInIndex = 0; path = gitTest.app; sourceTree = BUILT_PRODUCTS_DIR; };
		549E063027CDE41100D3354D /* AppDelegate.swift */ = {isa = PBXFileReference; lastKnownFileType = sourcecode.swift; path = AppDelegate.swift; sourceTree = "<group>"; };
		549E063227CDE41100D3354D /* SceneDelegate.swift */ = {isa = PBXFileReference; lastKnownFileType = sourcecode.swift; path = SceneDelegate.swift; sourceTree = "<group>"; };
		549E063427CDE41100D3354D /* ViewController.swift */ = {isa = PBXFileReference; lastKnownFileType = sourcecode.swift; path = ViewController.swift; sourceTree = "<group>"; };
		549E063727CDE41100D3354D /* Base */ = {isa = PBXFileReference; lastKnownFileType = file.storyboard; name = Base; path = Base.lproj/Main.storyboard; sourceTree = "<group>"; };
		549E063927CDE41300D3354D /* Assets.xcassets */ = {isa = PBXFileReference; lastKnownFileType = folder.assetcatalog; path = Assets.xcassets; sourceTree = "<group>"; };
		549E063C27CDE41300D3354D /* Base */ = {isa = PBXFileReference; lastKnownFileType = file.storyboard; name = Base; path = Base.lproj/LaunchScreen.storyboard; sourceTree = "<group>"; };
		549E063E27CDE41300D3354D /* Info.plist */ = {isa = PBXFileReference; lastKnownFileType = text.plist.xml; path = Info.plist; sourceTree = "<group>"; };
		549E064327CDE41400D3354D /* gitTestTests.xctest */ = {isa = PBXFileReference; explicitFileType = wrapper.cfbundle; includeInIndex = 0; path = gitTestTests.xctest; sourceTree = BUILT_PRODUCTS_DIR; };
		549E064727CDE41400D3354D /* gitTestTests.swift */ = {isa = PBXFileReference; lastKnownFileType = sourcecode.swift; path = gitTestTests.swift; sourceTree = "<group>"; };
		549E064D27CDE41400D3354D /* gitTestUITests.xctest */ = {isa = PBXFileReference; explicitFileType = wrapper.cfbundle; includeInIndex = 0; path = gitTestUITests.xctest; sourceTree = BUILT_PRODUCTS_DIR; };
		549E065127CDE41400D3354D /* gitTestUITests.swift */ = {isa = PBXFileReference; lastKnownFileType = sourcecode.swift; path = gitTestUITests.swift; sourceTree = "<group>"; };
		549E065327CDE41400D3354D /* gitTestUITestsLaunchTests.swift */ = {isa = PBXFileReference; lastKnownFileType = sourcecode.swift; path = gitTestUITestsLaunchTests.swift; sourceTree = "<group>"; };
/* End PBXFileReference section */

/* Begin PBXFrameworksBuildPhase section */
		549E062A27CDE41100D3354D /* Frameworks */ = {
			isa = PBXFrameworksBuildPhase;
			buildActionMask = 2147483647;
			files = (
			);
			runOnlyForDeploymentPostprocessing = 0;
		};
		549E064027CDE41400D3354D /* Frameworks */ = {
			isa = PBXFrameworksBuildPhase;
			buildActionMask = 2147483647;
			files = (
			);
			runOnlyForDeploymentPostprocessing = 0;
		};
		549E064A27CDE41400D3354D /* Frameworks */ = {
			isa = PBXFrameworksBuildPhase;
			buildActionMask = 2147483647;
			files = (
			);
			runOnlyForDeploymentPostprocessing = 0;
		};
/* End PBXFrameworksBuildPhase section */

/* Begin PBXGroup section */
		549E062427CDE41100D3354D = {
			isa = PBXGroup;
			children = (
				549E062F27CDE41100D3354D /* gitTest */,
				549E064627CDE41400D3354D /* gitTestTests */,
				549E065027CDE41400D3354D /* gitTestUITests */,
				549E062E27CDE41100D3354D /* Products */,
			);
			sourceTree = "<group>";
		};
		549E062E27CDE41100D3354D /* Products */ = {
			isa = PBXGroup;
			children = (
				549E062D27CDE41100D3354D /* gitTest.app */,
				549E064327CDE41400D3354D /* gitTestTests.xctest */,
				549E064D27CDE41400D3354D /* gitTestUITests.xctest */,
			);
			name = Products;
			sourceTree = "<group>";
		};
		549E062F27CDE41100D3354D /* gitTest */ = {
			isa = PBXGroup;
			children = (
				549E063027CDE41100D3354D /* AppDelegate.swift */,
				549E063227CDE41100D3354D /* SceneDelegate.swift */,
				549E063427CDE41100D3354D /* ViewController.swift */,
				549E063627CDE41100D3354D /* Main.storyboard */,
				549E063927CDE41300D3354D /* Assets.xcassets */,
				549E063B27CDE41300D3354D /* LaunchScreen.storyboard */,
				549E063E27CDE41300D3354D /* Info.plist */,
			);
			path = gitTest;
			sourceTree = "<group>";
		};
		549E064627CDE41400D3354D /* gitTestTests */ = {
			isa = PBXGroup;
			children = (
				549E064727CDE41400D3354D /* gitTestTests.swift */,
			);
			path = gitTestTests;
			sourceTree = "<group>";
		};
		549E065027CDE41400D3354D /* gitTestUITests */ = {
			isa = PBXGroup;
			children = (
				549E065127CDE41400D3354D /* gitTestUITests.swift */,
				549E065327CDE41400D3354D /* gitTestUITestsLaunchTests.swift */,
			);
			path = gitTestUITests;
			sourceTree = "<group>";
		};
/* End PBXGroup section */

/* Begin PBXNativeTarget section */
		549E062C27CDE41100D3354D /* gitTest */ = {
			isa = PBXNativeTarget;
			buildConfigurationList = 549E065727CDE41400D3354D /* Build configuration list for PBXNativeTarget "gitTest" */;
			buildPhases = (
				549E062927CDE41100D3354D /* Sources */,
				549E062A27CDE41100D3354D /* Frameworks */,
				549E062B27CDE41100D3354D /* Resources */,
			);
			buildRules = (
			);
			dependencies = (
			);
			name = gitTest;
			productName = gitTest;
			productReference = 549E062D27CDE41100D3354D /* gitTest.app */;
			productType = "com.apple.product-type.application";
		};
		549E064227CDE41400D3354D /* gitTestTests */ = {
			isa = PBXNativeTarget;
			buildConfigurationList = 549E065A27CDE41400D3354D /* Build configuration list for PBXNativeTarget "gitTestTests" */;
			buildPhases = (
				549E063F27CDE41400D3354D /* Sources */,
				549E064027CDE41400D3354D /* Frameworks */,
				549E064127CDE41400D3354D /* Resources */,
			);
			buildRules = (
			);
			dependencies = (
				549E064527CDE41400D3354D /* PBXTargetDependency */,
			);
			name = gitTestTests;
			productName = gitTestTests;
			productReference = 549E064327CDE41400D3354D /* gitTestTests.xctest */;
			productType = "com.apple.product-type.bundle.unit-test";
		};
		549E064C27CDE41400D3354D /* gitTestUITests */ = {
			isa = PBXNativeTarget;
			buildConfigurationList = 549E065D27CDE41400D3354D /* Build configuration list for PBXNativeTarget "gitTestUITests" */;
			buildPhases = (
				549E064927CDE41400D3354D /* Sources */,
				549E064A27CDE41400D3354D /* Frameworks */,
				549E064B27CDE41400D3354D /* Resources */,
			);
			buildRules = (
			);
			dependencies = (
				549E064F27CDE41400D3354D /* PBXTargetDependency */,
			);
			name = gitTestUITests;
			productName = gitTestUITests;
			productReference = 549E064D27CDE41400D3354D /* gitTestUITests.xctest */;
			productType = "com.apple.product-type.bundle.ui-testing";
		};
/* End PBXNativeTarget section */

/* Begin PBXProject section */
		549E062527CDE41100D3354D /* Project object */ = {
			isa = PBXProject;
			attributes = {
				BuildIndependentTargetsInParallel = 1;
				LastSwiftUpdateCheck = 1320;
				LastUpgradeCheck = 1320;
				TargetAttributes = {
					549E062C27CDE41100D3354D = {
						CreatedOnToolsVersion = 13.2.1;
					};
					549E064227CDE41400D3354D = {
						CreatedOnToolsVersion = 13.2.1;
						TestTargetID = 549E062C27CDE41100D3354D;
					};
					549E064C27CDE41400D3354D = {
						CreatedOnToolsVersion = 13.2.1;
						TestTargetID = 549E062C27CDE41100D3354D;
					};
				};
			};
			buildConfigurationList = 549E062827CDE41100D3354D /* Build configuration list for PBXProject "gitTest" */;
			compatibilityVersion = "Xcode 13.0";
			developmentRegion = en;
			hasScannedForEncodings = 0;
			knownRegions = (
				en,
				Base,
			);
			mainGroup = 549E062427CDE41100D3354D;
			productRefGroup = 549E062E27CDE41100D3354D /* Products */;
			projectDirPath = "";
			projectRoot = "";
			targets = (
				549E062C27CDE41100D3354D /* gitTest */,
				549E064227CDE41400D3354D /* gitTestTests */,
				549E064C27CDE41400D3354D /* gitTestUITests */,
			);
		};
/* End PBXProject section */

/* Begin PBXResourcesBuildPhase section */
		549E062B27CDE41100D3354D /* Resources */ = {
			isa = PBXResourcesBuildPhase;
			buildActionMask = 2147483647;
			files = (
				549E063D27CDE41300D3354D /* LaunchScreen.storyboard in Resources */,
				549E063A27CDE41300D3354D /* Assets.xcassets in Resources */,
				549E063827CDE41100D3354D /* Main.storyboard in Resources */,
			);
			runOnlyForDeploymentPostprocessing = 0;
		};
		549E064127CDE41400D3354D /* Resources */ = {
			isa = PBXResourcesBuildPhase;
			buildActionMask = 2147483647;
			files = (
			);
			runOnlyForDeploymentPostprocessing = 0;
		};
		549E064B27CDE41400D3354D /* Resources */ = {
			isa = PBXResourcesBuildPhase;
			buildActionMask = 2147483647;
			files = (
			);
			runOnlyForDeploymentPostprocessing = 0;
		};
/* End PBXResourcesBuildPhase section */

/* Begin PBXSourcesBuildPhase section */
		549E062927CDE41100D3354D /* Sources */ = {
			isa = PBXSourcesBuildPhase;
			buildActionMask = 2147483647;
			files = (
				549E063527CDE41100D3354D /* ViewController.swift in Sources */,
				549E063127CDE41100D3354D /* AppDelegate.swift in Sources */,
				549E063327CDE41100D3354D /* SceneDelegate.swift in Sources */,
			);
			runOnlyForDeploymentPostprocessing = 0;
		};
		549E063F27CDE41400D3354D /* Sources */ = {
			isa = PBXSourcesBuildPhase;
			buildActionMask = 2147483647;
			files = (
				549E064827CDE41400D3354D /* gitTestTests.swift in Sources */,
			);
			runOnlyForDeploymentPostprocessing = 0;
		};
		549E064927CDE41400D3354D /* Sources */ = {
			isa = PBXSourcesBuildPhase;
			buildActionMask = 2147483647;
			files = (
				549E065227CDE41400D3354D /* gitTestUITests.swift in Sources */,
				549E065427CDE41400D3354D /* gitTestUITestsLaunchTests.swift in Sources */,
			);
			runOnlyForDeploymentPostprocessing = 0;
		};
/* End PBXSourcesBuildPhase section */

/* Begin PBXTargetDependency section */
		549E064527CDE41400D3354D /* PBXTargetDependency */ = {
			isa = PBXTargetDependency;
			target = 549E062C27CDE41100D3354D /* gitTest */;
			targetProxy = 549E064427CDE41400D3354D /* PBXContainerItemProxy */;
		};
		549E064F27CDE41400D3354D /* PBXTargetDependency */ = {
			isa = PBXTargetDependency;
			target = 549E062C27CDE41100D3354D /* gitTest */;
			targetProxy = 549E064E27CDE41400D3354D /* PBXContainerItemProxy */;
		};
/* End PBXTargetDependency section */

/* Begin PBXVariantGroup section */
		549E063627CDE41100D3354D /* Main.storyboard */ = {
			isa = PBXVariantGroup;
			children = (
				549E063727CDE41100D3354D /* Base */,
			);
			name = Main.storyboard;
			sourceTree = "<group>";
		};
		549E063B27CDE41300D3354D /* LaunchScreen.storyboard */ = {
			isa = PBXVariantGroup;
			children = (
				549E063C27CDE41300D3354D /* Base */,
			);
			name = LaunchScreen.storyboard;
			sourceTree = "<group>";
		};
/* End PBXVariantGroup section */

/* Begin XCBuildConfiguration section */
		549E065527CDE41400D3354D /* Debug */ = {
			isa = XCBuildConfiguration;
			buildSettings = {
				ALWAYS_SEARCH_USER_PATHS = NO;
				CLANG_ANALYZER_NONNULL = YES;
				CLANG_ANALYZER_NUMBER_OBJECT_CONVERSION = YES_AGGRESSIVE;
				CLANG_CXX_LANGUAGE_STANDARD = "gnu++17";
				CLANG_CXX_LIBRARY = "libc++";
				CLANG_ENABLE_MODULES = YES;
				CLANG_ENABLE_OBJC_ARC = YES;
				CLANG_ENABLE_OBJC_WEAK = YES;
				CLANG_WARN_BLOCK_CAPTURE_AUTORELEASING = YES;
				CLANG_WARN_BOOL_CONVERSION = YES;
				CLANG_WARN_COMMA = YES;
				CLANG_WARN_CONSTANT_CONVERSION = YES;
				CLANG_WARN_DEPRECATED_OBJC_IMPLEMENTATIONS = YES;
				CLANG_WARN_DIRECT_OBJC_ISA_USAGE = YES_ERROR;
				CLANG_WARN_DOCUMENTATION_COMMENTS = YES;
				CLANG_WARN_EMPTY_BODY = YES;
				CLANG_WARN_ENUM_CONVERSION = YES;
				CLANG_WARN_INFINITE_RECURSION = YES;
				CLANG_WARN_INT_CONVERSION = YES;
				CLANG_WARN_NON_LITERAL_NULL_CONVERSION = YES;
				CLANG_WARN_OBJC_IMPLICIT_RETAIN_SELF = YES;
				CLANG_WARN_OBJC_LITERAL_CONVERSION = YES;
				CLANG_WARN_OBJC_ROOT_CLASS = YES_ERROR;
				CLANG_WARN_QUOTED_INCLUDE_IN_FRAMEWORK_HEADER = YES;
				CLANG_WARN_RANGE_LOOP_ANALYSIS = YES;
				CLANG_WARN_STRICT_PROTOTYPES = YES;
				CLANG_WARN_SUSPICIOUS_MOVE = YES;
				CLANG_WARN_UNGUARDED_AVAILABILITY = YES_AGGRESSIVE;
				CLANG_WARN_UNREACHABLE_CODE = YES;
				CLANG_WARN__DUPLICATE_METHOD_MATCH = YES;
				COPY_PHASE_STRIP = NO;
				DEBUG_INFORMATION_FORMAT = dwarf;
				ENABLE_STRICT_OBJC_MSGSEND = YES;
				ENABLE_TESTABILITY = YES;
				GCC_C_LANGUAGE_STANDARD = gnu11;
				GCC_DYNAMIC_NO_PIC = NO;
				GCC_NO_COMMON_BLOCKS = YES;
				GCC_OPTIMIZATION_LEVEL = 0;
				GCC_PREPROCESSOR_DEFINITIONS = (
					"DEBUG=1",
					"$(inherited)",
				);
				GCC_WARN_64_TO_32_BIT_CONVERSION = YES;
				GCC_WARN_ABOUT_RETURN_TYPE = YES_ERROR;
				GCC_WARN_UNDECLARED_SELECTOR = YES;
				GCC_WARN_UNINITIALIZED_AUTOS = YES_AGGRESSIVE;
				GCC_WARN_UNUSED_FUNCTION = YES;
				GCC_WARN_UNUSED_VARIABLE = YES;
				IPHONEOS_DEPLOYMENT_TARGET = 15.2;
				MTL_ENABLE_DEBUG_INFO = INCLUDE_SOURCE;
				MTL_FAST_MATH = YES;
				ONLY_ACTIVE_ARCH = YES;
				SDKROOT = iphoneos;
				SWIFT_ACTIVE_COMPILATION_CONDITIONS = DEBUG;
				SWIFT_OPTIMIZATION_LEVEL = "-Onone";
			};
			name = Debug;
		};
		549E065627CDE41400D3354D /* Release */ = {
			isa = XCBuildConfiguration;
			buildSettings = {
				ALWAYS_SEARCH_USER_PATHS = NO;
				CLANG_ANALYZER_NONNULL = YES;
				CLANG_ANALYZER_NUMBER_OBJECT_CONVERSION = YES_AGGRESSIVE;
				CLANG_CXX_LANGUAGE_STANDARD = "gnu++17";
				CLANG_CXX_LIBRARY = "libc++";
				CLANG_ENABLE_MODULES = YES;
				CLANG_ENABLE_OBJC_ARC = YES;
				CLANG_ENABLE_OBJC_WEAK = YES;
				CLANG_WARN_BLOCK_CAPTURE_AUTORELEASING = YES;
				CLANG_WARN_BOOL_CONVERSION = YES;
				CLANG_WARN_COMMA = YES;
				CLANG_WARN_CONSTANT_CONVERSION = YES;
				CLANG_WARN_DEPRECATED_OBJC_IMPLEMENTATIONS = YES;
				CLANG_WARN_DIRECT_OBJC_ISA_USAGE = YES_ERROR;
				CLANG_WARN_DOCUMENTATION_COMMENTS = YES;
				CLANG_WARN_EMPTY_BODY = YES;
				CLANG_WARN_ENUM_CONVERSION = YES;
				CLANG_WARN_INFINITE_RECURSION = YES;
				CLANG_WARN_INT_CONVERSION = YES;
				CLANG_WARN_NON_LITERAL_NULL_CONVERSION = YES;
				CLANG_WARN_OBJC_IMPLICIT_RETAIN_SELF = YES;
				CLANG_WARN_OBJC_LITERAL_CONVERSION = YES;
				CLANG_WARN_OBJC_ROOT_CLASS = YES_ERROR;
				CLANG_WARN_QUOTED_INCLUDE_IN_FRAMEWORK_HEADER = YES;
				CLANG_WARN_RANGE_LOOP_ANALYSIS = YES;
				CLANG_WARN_STRICT_PROTOTYPES = YES;
				CLANG_WARN_SUSPICIOUS_MOVE = YES;
				CLANG_WARN_UNGUARDED_AVAILABILITY = YES_AGGRESSIVE;
				CLANG_WARN_UNREACHABLE_CODE = YES;
				CLANG_WARN__DUPLICATE_METHOD_MATCH = YES;
				COPY_PHASE_STRIP = NO;
				DEBUG_INFORMATION_FORMAT = "dwarf-with-dsym";
				ENABLE_NS_ASSERTIONS = NO;
				ENABLE_STRICT_OBJC_MSGSEND = YES;
				GCC_C_LANGUAGE_STANDARD = gnu11;
				GCC_NO_COMMON_BLOCKS = YES;
				GCC_WARN_64_TO_32_BIT_CONVERSION = YES;
				GCC_WARN_ABOUT_RETURN_TYPE = YES_ERROR;
				GCC_WARN_UNDECLARED_SELECTOR = YES;
				GCC_WARN_UNINITIALIZED_AUTOS = YES_AGGRESSIVE;
				GCC_WARN_UNUSED_FUNCTION = YES;
				GCC_WARN_UNUSED_VARIABLE = YES;
				IPHONEOS_DEPLOYMENT_TARGET = 15.2;
				MTL_ENABLE_DEBUG_INFO = NO;
				MTL_FAST_MATH = YES;
				SDKROOT = iphoneos;
				SWIFT_COMPILATION_MODE = wholemodule;
				SWIFT_OPTIMIZATION_LEVEL = "-O";
				VALIDATE_PRODUCT = YES;
			};
			name = Release;
		};
		549E065827CDE41400D3354D /* Debug */ = {
			isa = XCBuildConfiguration;
			buildSettings = {
				ASSETCATALOG_COMPILER_APPICON_NAME = AppIcon;
				ASSETCATALOG_COMPILER_GLOBAL_ACCENT_COLOR_NAME = AccentColor;
				CODE_SIGN_STYLE = Automatic;
				CURRENT_PROJECT_VERSION = 1;
				DEVELOPMENT_TEAM = 9CT59NG9YF;
				GENERATE_INFOPLIST_FILE = YES;
				INFOPLIST_FILE = gitTest/Info.plist;
				INFOPLIST_KEY_UIApplicationSupportsIndirectInputEvents = YES;
				INFOPLIST_KEY_UILaunchStoryboardName = LaunchScreen;
				INFOPLIST_KEY_UIMainStoryboardFile = Main;
				INFOPLIST_KEY_UISupportedInterfaceOrientations_iPad = "UIInterfaceOrientationPortrait UIInterfaceOrientationPortraitUpsideDown UIInterfaceOrientationLandscapeLeft UIInterfaceOrientationLandscapeRight";
				INFOPLIST_KEY_UISupportedInterfaceOrientations_iPhone = "UIInterfaceOrientationPortrait UIInterfaceOrientationLandscapeLeft UIInterfaceOrientationLandscapeRight";
				LD_RUNPATH_SEARCH_PATHS = (
					"$(inherited)",
					"@executable_path/Frameworks",
				);
				MARKETING_VERSION = 1.0;
				PRODUCT_BUNDLE_IDENTIFIER = com.matrix.gitTest;
				PRODUCT_NAME = "$(TARGET_NAME)";
				SWIFT_EMIT_LOC_STRINGS = YES;
				SWIFT_VERSION = 5.0;
				TARGETED_DEVICE_FAMILY = "1,2";
			};
			name = Debug;
		};
		549E065927CDE41400D3354D /* Release */ = {
			isa = XCBuildConfiguration;
			buildSettings = {
				ASSETCATALOG_COMPILER_APPICON_NAME = AppIcon;
				ASSETCATALOG_COMPILER_GLOBAL_ACCENT_COLOR_NAME = AccentColor;
				CODE_SIGN_STYLE = Automatic;
				CURRENT_PROJECT_VERSION = 1;
				DEVELOPMENT_TEAM = 9CT59NG9YF;
				GENERATE_INFOPLIST_FILE = YES;
				INFOPLIST_FILE = gitTest/Info.plist;
				INFOPLIST_KEY_UIApplicationSupportsIndirectInputEvents = YES;
				INFOPLIST_KEY_UILaunchStoryboardName = LaunchScreen;
				INFOPLIST_KEY_UIMainStoryboardFile = Main;
				INFOPLIST_KEY_UISupportedInterfaceOrientations_iPad = "UIInterfaceOrientationPortrait UIInterfaceOrientationPortraitUpsideDown UIInterfaceOrientationLandscapeLeft UIInterfaceOrientationLandscapeRight";
				INFOPLIST_KEY_UISupportedInterfaceOrientations_iPhone = "UIInterfaceOrientationPortrait UIInterfaceOrientationLandscapeLeft UIInterfaceOrientationLandscapeRight";
				LD_RUNPATH_SEARCH_PATHS = (
					"$(inherited)",
					"@executable_path/Frameworks",
				);
				MARKETING_VERSION = 1.0;
				PRODUCT_BUNDLE_IDENTIFIER = com.matrix.gitTest;
				PRODUCT_NAME = "$(TARGET_NAME)";
				SWIFT_EMIT_LOC_STRINGS = YES;
				SWIFT_VERSION = 5.0;
				TARGETED_DEVICE_FAMILY = "1,2";
			};
			name = Release;
		};
		549E065B27CDE41400D3354D /* Debug */ = {
			isa = XCBuildConfiguration;
			buildSettings = {
				ALWAYS_EMBED_SWIFT_STANDARD_LIBRARIES = YES;
				BUNDLE_LOADER = "$(TEST_HOST)";
				CODE_SIGN_STYLE = Automatic;
				CURRENT_PROJECT_VERSION = 1;
				DEVELOPMENT_TEAM = 9CT59NG9YF;
				GENERATE_INFOPLIST_FILE = YES;
				IPHONEOS_DEPLOYMENT_TARGET = 15.2;
				MARKETING_VERSION = 1.0;
				PRODUCT_BUNDLE_IDENTIFIER = com.matrix.gitTestTests;
				PRODUCT_NAME = "$(TARGET_NAME)";
				SWIFT_EMIT_LOC_STRINGS = NO;
				SWIFT_VERSION = 5.0;
				TARGETED_DEVICE_FAMILY = "1,2";
				TEST_HOST = "$(BUILT_PRODUCTS_DIR)/gitTest.app/gitTest";
			};
			name = Debug;
		};
		549E065C27CDE41400D3354D /* Release */ = {
			isa = XCBuildConfiguration;
			buildSettings = {
				ALWAYS_EMBED_SWIFT_STANDARD_LIBRARIES = YES;
				BUNDLE_LOADER = "$(TEST_HOST)";
				CODE_SIGN_STYLE = Automatic;
				CURRENT_PROJECT_VERSION = 1;
				DEVELOPMENT_TEAM = 9CT59NG9YF;
				GENERATE_INFOPLIST_FILE = YES;
				IPHONEOS_DEPLOYMENT_TARGET = 15.2;
				MARKETING_VERSION = 1.0;
				PRODUCT_BUNDLE_IDENTIFIER = com.matrix.gitTestTests;
				PRODUCT_NAME = "$(TARGET_NAME)";
				SWIFT_EMIT_LOC_STRINGS = NO;
				SWIFT_VERSION = 5.0;
				TARGETED_DEVICE_FAMILY = "1,2";
				TEST_HOST = "$(BUILT_PRODUCTS_DIR)/gitTest.app/gitTest";
			};
			name = Release;
		};
		549E065E27CDE41400D3354D /* Debug */ = {
			isa = XCBuildConfiguration;
			buildSettings = {
				ALWAYS_EMBED_SWIFT_STANDARD_LIBRARIES = YES;
				CODE_SIGN_STYLE = Automatic;
				CURRENT_PROJECT_VERSION = 1;
				DEVELOPMENT_TEAM = 9CT59NG9YF;
				GENERATE_INFOPLIST_FILE = YES;
				MARKETING_VERSION = 1.0;
				PRODUCT_BUNDLE_IDENTIFIER = com.matrix.gitTestUITests;
				PRODUCT_NAME = "$(TARGET_NAME)";
				SWIFT_EMIT_LOC_STRINGS = NO;
				SWIFT_VERSION = 5.0;
				TARGETED_DEVICE_FAMILY = "1,2";
				TEST_TARGET_NAME = gitTest;
			};
			name = Debug;
		};
		549E065F27CDE41400D3354D /* Release */ = {
			isa = XCBuildConfiguration;
			buildSettings = {
				ALWAYS_EMBED_SWIFT_STANDARD_LIBRARIES = YES;
				CODE_SIGN_STYLE = Automatic;
				CURRENT_PROJECT_VERSION = 1;
				DEVELOPMENT_TEAM = 9CT59NG9YF;
				GENERATE_INFOPLIST_FILE = YES;
				MARKETING_VERSION = 1.0;
				PRODUCT_BUNDLE_IDENTIFIER = com.matrix.gitTestUITests;
				PRODUCT_NAME = "$(TARGET_NAME)";
				SWIFT_EMIT_LOC_STRINGS = NO;
				SWIFT_VERSION = 5.0;
				TARGETED_DEVICE_FAMILY = "1,2";
				TEST_TARGET_NAME = gitTest;
			};
			name = Release;
		};
/* End XCBuildConfiguration section */

/* Begin XCConfigurationList section */
		549E062827CDE41100D3354D /* Build configuration list for PBXProject "gitTest" */ = {
			isa = XCConfigurationList;
			buildConfigurations = (
				549E065527CDE41400D3354D /* Debug */,
				549E065627CDE41400D3354D /* Release */,
			);
			defaultConfigurationIsVisible = 0;
			defaultConfigurationName = Release;
		};
		549E065727CDE41400D3354D /* Build configuration list for PBXNativeTarget "gitTest" */ = {
			isa = XCConfigurationList;
			buildConfigurations = (
				549E065827CDE41400D3354D /* Debug */,
				549E065927CDE41400D3354D /* Release */,
			);
			defaultConfigurationIsVisible = 0;
			defaultConfigurationName = Release;
		};
		549E065A27CDE41400D3354D /* Build configuration list for PBXNativeTarget "gitTestTests" */ = {
			isa = XCConfigurationList;
			buildConfigurations = (
				549E065B27CDE41400D3354D /* Debug */,
				549E065C27CDE41400D3354D /* Release */,
			);
			defaultConfigurationIsVisible = 0;
			defaultConfigurationName = Release;
		};
		549E065D27CDE41400D3354D /* Build configuration list for PBXNativeTarget "gitTestUITests" */ = {
			isa = XCConfigurationList;
			buildConfigurations = (
				549E065E27CDE41400D3354D /* Debug */,
				549E065F27CDE41400D3354D /* Release */,
			);
			defaultConfigurationIsVisible = 0;
			defaultConfigurationName = Release;
		};
/* End XCConfigurationList section */
	};
	rootObject = 549E062527CDE41100D3354D /* Project object */;
}
